# This file is automatically @generated by Cargo.
# It is not intended for manual editing.
[[package]]
name = "find_folder"
version = "0.3.0"
source = "registry+https://github.com/rust-lang/crates.io-index"
checksum = "9f6d018fb95a0b59f854aed68ecd96ce2b80af7911b92b1fed3c4b1fa516b91b"

[[package]]
name = "localizer"
version = "0.1.0"
dependencies = [
 "find_folder",
 "roxmltree",
 "xml-rs",
]

[[package]]
name = "roxmltree"
version = "0.13.0"
source = "registry+https://github.com/rust-lang/crates.io-index"
checksum = "17dfc6c39f846bfc7d2ec442ad12055d79608d501380789b965d22f9354451f2"
dependencies = [
 "xmlparser",
]

[[package]]
name = "xml-rs"
version = "0.8.3"
source = "registry+https://github.com/rust-lang/crates.io-index"
checksum = "b07db065a5cf61a7e4ba64f29e67db906fb1787316516c4e6e5ff0fea1efcd8a"

[[package]]
name = "xmlparser"
version = "0.13.2"
source = "registry+https://github.com/rust-lang/crates.io-index"
checksum = "52613e655f6f11f63c0fe7d1c3b5ef69e44d96df9b65dab296b441ed0e1125f5"
